// !$*UTF8*$!
{
	archiveVersion = 1;
	classes = {
	};
	objectVersion = 74;
	objects = {

/* Begin PBXBuildFile section */
		E9449D1E2C616C4100EE64DF /* UploadVideo.appex in Embed Foundation Extensions */ = {isa = PBXBuildFile; fileRef = E9449D142C616C4100EE64DF /* UploadVideo.appex */; settings = {ATTRIBUTES = (RemoveHeadersOnCopy, ); }; };
		E9449D252C616DAF00EE64DF /* CarplayWKWebView.swift in Sources */ = {isa = PBXBuildFile; fileRef = E9449D242C616DAF00EE64DF /* CarplayWKWebView.swift */; };
		E9B3716C2C5D7B950013612E /* WebAuthNold.swift in Sources */ = {isa = PBXBuildFile; fileRef = E9B3716A2C5D7B950013612E /* WebAuthNold.swift */; };
		E9B3716D2C5D7B950013612E /* IncomingRefrence.swift in Sources */ = {isa = PBXBuildFile; fileRef = E9B371672C5D7B950013612E /* IncomingRefrence.swift */; };
		E9B3716E2C5D7B950013612E /* NetworkRequests.swift in Sources */ = {isa = PBXBuildFile; fileRef = E9B371692C5D7B950013612E /* NetworkRequests.swift */; };
		E9B3716F2C5D7B950013612E /* AuthUserInfo.swift in Sources */ = {isa = PBXBuildFile; fileRef = E9B3715A2C5D7B950013612E /* AuthUserInfo.swift */; };
		E9B371702C5D7B950013612E /* AuthSignUp.swift in Sources */ = {isa = PBXBuildFile; fileRef = E9B371662C5D7B950013612E /* AuthSignUp.swift */; };
		E9B371722C5D7B950013612E /* cashedAsyncImage.swift in Sources */ = {isa = PBXBuildFile; fileRef = E9B3715D2C5D7B950013612E /* cashedAsyncImage.swift */; };
		E9B371732C5D7B950013612E /* FaceID login.swift in Sources */ = {isa = PBXBuildFile; fileRef = E9B371552C5D7B950013612E /* FaceID login.swift */; };
		E9B371742C5D7B950013612E /* CreateBackgroundAccount.swift in Sources */ = {isa = PBXBuildFile; fileRef = E9B371542C5D7B950013612E /* CreateBackgroundAccount.swift */; };
		E9B371752C5D7B950013612E /* SignInWithApple.swift in Sources */ = {isa = PBXBuildFile; fileRef = E9B371562C5D7B950013612E /* SignInWithApple.swift */; };
		E9B371762C5D7B950013612E /* AuthUserinfoViewMain.swift in Sources */ = {isa = PBXBuildFile; fileRef = E9B3715C2C5D7B950013612E /* AuthUserinfoViewMain.swift */; };
		E9B371772C5D7B950013612E /* LoginViewSwiftUI.swift in Sources */ = {isa = PBXBuildFile; fileRef = E9B371682C5D7B950013612E /* LoginViewSwiftUI.swift */; };
		E9B371782C5D7B950013612E /* Username&password.swift in Sources */ = {isa = PBXBuildFile; fileRef = E9B371572C5D7B950013612E /* Username&password.swift */; };
		E9B371792C5D7B950013612E /* UserImageView.swift in Sources */ = {isa = PBXBuildFile; fileRef = E9B3715E2C5D7B950013612E /* UserImageView.swift */; };
		E9B3717A2C5D7B950013612E /* WebauthN.swift in Sources */ = {isa = PBXBuildFile; fileRef = E9B371582C5D7B950013612E /* WebauthN.swift */; };
		E9B3717B2C5D7B950013612E /* APNS.swift in Sources */ = {isa = PBXBuildFile; fileRef = E9B371602C5D7B950013612E /* APNS.swift */; };
		E9B3717C2C5D7B950013612E /* Auth.swift in Sources */ = {isa = PBXBuildFile; fileRef = E9B371612C5D7B950013612E /* Auth.swift */; };
		E9B3717D2C5D7B950013612E /* auth support.swift in Sources */ = {isa = PBXBuildFile; fileRef = E9B371642C5D7B950013612E /* auth support.swift */; };
		E9B3717E2C5D7B950013612E /* AuthUserInfoProfilePicture.swift in Sources */ = {isa = PBXBuildFile; fileRef = E9B3715B2C5D7B950013612E /* AuthUserInfoProfilePicture.swift */; };
		E9B3717F2C5D7B950013612E /* Auth_token_save.swift in Sources */ = {isa = PBXBuildFile; fileRef = E9B371652C5D7B950013612E /* Auth_token_save.swift */; };
		E9B371A02C5D85D60013612E /* CarPlaySceneDelegate.swift in Sources */ = {isa = PBXBuildFile; fileRef = E9B3719F2C5D85D60013612E /* CarPlaySceneDelegate.swift */; };
		E9B371A82C5D86080013612E /* Intents.framework in Frameworks */ = {isa = PBXBuildFile; fileRef = E9B371A72C5D86080013612E /* Intents.framework */; };
		E9B371B32C5D86080013612E /* IntentsUI.framework in Frameworks */ = {isa = PBXBuildFile; fileRef = E9B371B22C5D86080013612E /* IntentsUI.framework */; };
		E9B371BD2C5D86080013612E /* CarplayintentUI.appex in Embed Foundation Extensions */ = {isa = PBXBuildFile; fileRef = E9B371B12C5D86080013612E /* CarplayintentUI.appex */; settings = {ATTRIBUTES = (RemoveHeadersOnCopy, ); }; };
		E9B371C02C5D86080013612E /* Carplayintent.appex in Embed Foundation Extensions */ = {isa = PBXBuildFile; fileRef = E9B371A52C5D86080013612E /* Carplayintent.appex */; settings = {ATTRIBUTES = (RemoveHeadersOnCopy, ); }; };
		E9B5432B2C60EEE700BCD407 /* CustomVideoPlayerViewController.swift in Sources */ = {isa = PBXBuildFile; fileRef = E9B5432A2C60EEE700BCD407 /* CustomVideoPlayerViewController.swift */; };
/* End PBXBuildFile section */

/* Begin PBXContainerItemProxy section */
		E9449D1C2C616C4100EE64DF /* PBXContainerItemProxy */ = {
			isa = PBXContainerItemProxy;
			containerPortal = E9B371172C5D7B830013612E /* Project object */;
			proxyType = 1;
			remoteGlobalIDString = E9449D132C616C4100EE64DF;
			remoteInfo = UploadVideo;
		};
		E9B371362C5D7B850013612E /* PBXContainerItemProxy */ = {
			isa = PBXContainerItemProxy;
			containerPortal = E9B371172C5D7B830013612E /* Project object */;
			proxyType = 1;
			remoteGlobalIDString = E9B3711E2C5D7B830013612E;
			remoteInfo = "TDS McdonaldsApi";
		};
		E9B371402C5D7B850013612E /* PBXContainerItemProxy */ = {
			isa = PBXContainerItemProxy;
			containerPortal = E9B371172C5D7B830013612E /* Project object */;
			proxyType = 1;
			remoteGlobalIDString = E9B3711E2C5D7B830013612E;
			remoteInfo = "TDS McdonaldsApi";
		};
		E9B371BB2C5D86080013612E /* PBXContainerItemProxy */ = {
			isa = PBXContainerItemProxy;
			containerPortal = E9B371172C5D7B830013612E /* Project object */;
			proxyType = 1;
			remoteGlobalIDString = E9B371B02C5D86080013612E;
			remoteInfo = CarplayintentUI;
		};
		E9B371BE2C5D86080013612E /* PBXContainerItemProxy */ = {
			isa = PBXContainerItemProxy;
			containerPortal = E9B371172C5D7B830013612E /* Project object */;
			proxyType = 1;
			remoteGlobalIDString = E9B371A42C5D86080013612E;
			remoteInfo = Carplayintent;
		};
/* End PBXContainerItemProxy section */

/* Begin PBXCopyFilesBuildPhase section */
		E9B371CA2C5D86080013612E /* Embed Foundation Extensions */ = {
			isa = PBXCopyFilesBuildPhase;
			buildActionMask = 2147483647;
			dstPath = "";
			dstSubfolderSpec = 13;
			files = (
				E9449D1E2C616C4100EE64DF /* UploadVideo.appex in Embed Foundation Extensions */,
				E9B371BD2C5D86080013612E /* CarplayintentUI.appex in Embed Foundation Extensions */,
				E9B371C02C5D86080013612E /* Carplayintent.appex in Embed Foundation Extensions */,
			);
			name = "Embed Foundation Extensions";
			runOnlyForDeploymentPostprocessing = 0;
		};
/* End PBXCopyFilesBuildPhase section */

/* Begin PBXFileReference section */
		E9449D142C616C4100EE64DF /* UploadVideo.appex */ = {isa = PBXFileReference; explicitFileType = "wrapper.app-extension"; includeInIndex = 0; path = UploadVideo.appex; sourceTree = BUILT_PRODUCTS_DIR; };
		E9449D242C616DAF00EE64DF /* CarplayWKWebView.swift */ = {isa = PBXFileReference; lastKnownFileType = sourcecode.swift; path = CarplayWKWebView.swift; sourceTree = "<group>"; };
		E9B3711F2C5D7B830013612E /* TDS Video.app */ = {isa = PBXFileReference; explicitFileType = wrapper.application; includeInIndex = 0; path = "TDS Video.app"; sourceTree = BUILT_PRODUCTS_DIR; };
		E9B371352C5D7B850013612E /* TDS VideoTests.xctest */ = {isa = PBXFileReference; explicitFileType = wrapper.cfbundle; includeInIndex = 0; path = "TDS VideoTests.xctest"; sourceTree = BUILT_PRODUCTS_DIR; };
		E9B3713F2C5D7B850013612E /* TDS VideoUITests.xctest */ = {isa = PBXFileReference; explicitFileType = wrapper.cfbundle; includeInIndex = 0; path = "TDS VideoUITests.xctest"; sourceTree = BUILT_PRODUCTS_DIR; };
		E9B371542C5D7B950013612E /* CreateBackgroundAccount.swift */ = {isa = PBXFileReference; lastKnownFileType = sourcecode.swift; path = CreateBackgroundAccount.swift; sourceTree = "<group>"; };
		E9B371552C5D7B950013612E /* FaceID login.swift */ = {isa = PBXFileReference; lastKnownFileType = sourcecode.swift; path = "FaceID login.swift"; sourceTree = "<group>"; };
		E9B371562C5D7B950013612E /* SignInWithApple.swift */ = {isa = PBXFileReference; lastKnownFileType = sourcecode.swift; path = SignInWithApple.swift; sourceTree = "<group>"; };
		E9B371572C5D7B950013612E /* Username&password.swift */ = {isa = PBXFileReference; lastKnownFileType = sourcecode.swift; path = "Username&password.swift"; sourceTree = "<group>"; };
		E9B371582C5D7B950013612E /* WebauthN.swift */ = {isa = PBXFileReference; lastKnownFileType = sourcecode.swift; path = WebauthN.swift; sourceTree = "<group>"; };
		E9B3715A2C5D7B950013612E /* AuthUserInfo.swift */ = {isa = PBXFileReference; lastKnownFileType = sourcecode.swift; path = AuthUserInfo.swift; sourceTree = "<group>"; };
		E9B3715B2C5D7B950013612E /* AuthUserInfoProfilePicture.swift */ = {isa = PBXFileReference; lastKnownFileType = sourcecode.swift; path = AuthUserInfoProfilePicture.swift; sourceTree = "<group>"; };
		E9B3715C2C5D7B950013612E /* AuthUserinfoViewMain.swift */ = {isa = PBXFileReference; lastKnownFileType = sourcecode.swift; path = AuthUserinfoViewMain.swift; sourceTree = "<group>"; };
		E9B3715D2C5D7B950013612E /* cashedAsyncImage.swift */ = {isa = PBXFileReference; lastKnownFileType = sourcecode.swift; path = cashedAsyncImage.swift; sourceTree = "<group>"; };
		E9B3715E2C5D7B950013612E /* UserImageView.swift */ = {isa = PBXFileReference; lastKnownFileType = sourcecode.swift; path = UserImageView.swift; sourceTree = "<group>"; };
		E9B371602C5D7B950013612E /* APNS.swift */ = {isa = PBXFileReference; lastKnownFileType = sourcecode.swift; path = APNS.swift; sourceTree = "<group>"; };
		E9B371612C5D7B950013612E /* Auth.swift */ = {isa = PBXFileReference; lastKnownFileType = sourcecode.swift; path = Auth.swift; sourceTree = "<group>"; };
		E9B371642C5D7B950013612E /* auth support.swift */ = {isa = PBXFileReference; lastKnownFileType = sourcecode.swift; path = "auth support.swift"; sourceTree = "<group>"; };
		E9B371652C5D7B950013612E /* Auth_token_save.swift */ = {isa = PBXFileReference; lastKnownFileType = sourcecode.swift; path = Auth_token_save.swift; sourceTree = "<group>"; };
		E9B371662C5D7B950013612E /* AuthSignUp.swift */ = {isa = PBXFileReference; lastKnownFileType = sourcecode.swift; path = AuthSignUp.swift; sourceTree = "<group>"; };
		E9B371672C5D7B950013612E /* IncomingRefrence.swift */ = {isa = PBXFileReference; lastKnownFileType = sourcecode.swift; path = IncomingRefrence.swift; sourceTree = "<group>"; };
		E9B371682C5D7B950013612E /* LoginViewSwiftUI.swift */ = {isa = PBXFileReference; lastKnownFileType = sourcecode.swift; path = LoginViewSwiftUI.swift; sourceTree = "<group>"; };
		E9B371692C5D7B950013612E /* NetworkRequests.swift */ = {isa = PBXFileReference; lastKnownFileType = sourcecode.swift; path = NetworkRequests.swift; sourceTree = "<group>"; };
		E9B3716A2C5D7B950013612E /* WebAuthNold.swift */ = {isa = PBXFileReference; lastKnownFileType = sourcecode.swift; path = WebAuthNold.swift; sourceTree = "<group>"; };
		E9B3719F2C5D85D60013612E /* CarPlaySceneDelegate.swift */ = {isa = PBXFileReference; lastKnownFileType = sourcecode.swift; path = CarPlaySceneDelegate.swift; sourceTree = "<group>"; };
		E9B371A52C5D86080013612E /* Carplayintent.appex */ = {isa = PBXFileReference; explicitFileType = "wrapper.app-extension"; includeInIndex = 0; path = Carplayintent.appex; sourceTree = BUILT_PRODUCTS_DIR; };
		E9B371A72C5D86080013612E /* Intents.framework */ = {isa = PBXFileReference; lastKnownFileType = wrapper.framework; name = Intents.framework; path = System/Library/Frameworks/Intents.framework; sourceTree = SDKROOT; };
		E9B371B12C5D86080013612E /* CarplayintentUI.appex */ = {isa = PBXFileReference; explicitFileType = "wrapper.app-extension"; includeInIndex = 0; path = CarplayintentUI.appex; sourceTree = BUILT_PRODUCTS_DIR; };
		E9B371B22C5D86080013612E /* IntentsUI.framework */ = {isa = PBXFileReference; lastKnownFileType = wrapper.framework; name = IntentsUI.framework; path = System/Library/Frameworks/IntentsUI.framework; sourceTree = SDKROOT; };
		E9B5432A2C60EEE700BCD407 /* CustomVideoPlayerViewController.swift */ = {isa = PBXFileReference; lastKnownFileType = sourcecode.swift; path = CustomVideoPlayerViewController.swift; sourceTree = "<group>"; };
/* End PBXFileReference section */

/* Begin PBXFileSystemSynchronizedBuildFileExceptionSet section */
		E9449D222C616C4100EE64DF /* PBXFileSystemSynchronizedBuildFileExceptionSet */ = {
			isa = PBXFileSystemSynchronizedBuildFileExceptionSet;
			membershipExceptions = (
				/Localized/MainInterface.storyboard,
				Info.plist,
			);
			target = E9449D132C616C4100EE64DF /* UploadVideo */;
		};
		E9B371472C5D7B850013612E /* PBXFileSystemSynchronizedBuildFileExceptionSet */ = {
			isa = PBXFileSystemSynchronizedBuildFileExceptionSet;
			membershipExceptions = (
				/Localized/LaunchScreen.storyboard,
				/Localized/Main.storyboard,
				Info.plist,
			);
			target = E9B3711E2C5D7B830013612E /* TDS Video */;
		};
		E9B371C42C5D86080013612E /* PBXFileSystemSynchronizedBuildFileExceptionSet */ = {
			isa = PBXFileSystemSynchronizedBuildFileExceptionSet;
			membershipExceptions = (
				/Localized/MainInterface.storyboard,
				Info.plist,
			);
			target = E9B371B02C5D86080013612E /* CarplayintentUI */;
		};
		E9B371C92C5D86080013612E /* PBXFileSystemSynchronizedBuildFileExceptionSet */ = {
			isa = PBXFileSystemSynchronizedBuildFileExceptionSet;
			membershipExceptions = (
				Info.plist,
			);
			target = E9B371A42C5D86080013612E /* Carplayintent */;
		};
/* End PBXFileSystemSynchronizedBuildFileExceptionSet section */

/* Begin PBXFileSystemSynchronizedGroupBuildPhaseMembershipExceptionSet section */
		E9449D232C616C4100EE64DF /* PBXFileSystemSynchronizedGroupBuildPhaseMembershipExceptionSet */ = {
			isa = PBXFileSystemSynchronizedGroupBuildPhaseMembershipExceptionSet;
			buildPhase = E9449D122C616C4100EE64DF /* Resources */;
			membershipExceptions = (
				Base.lproj/MainInterface.storyboard,
			);
		};
		E9B3714B2C5D7B850013612E /* PBXFileSystemSynchronizedGroupBuildPhaseMembershipExceptionSet */ = {
			isa = PBXFileSystemSynchronizedGroupBuildPhaseMembershipExceptionSet;
			buildPhase = E9B3711D2C5D7B830013612E /* Resources */;
			membershipExceptions = (
				Base.lproj/LaunchScreen.storyboard,
				Base.lproj/Main.storyboard,
			);
		};
		E9B371C52C5D86080013612E /* PBXFileSystemSynchronizedGroupBuildPhaseMembershipExceptionSet */ = {
			isa = PBXFileSystemSynchronizedGroupBuildPhaseMembershipExceptionSet;
			buildPhase = E9B371AF2C5D86080013612E /* Resources */;
			membershipExceptions = (
				Base.lproj/MainInterface.storyboard,
			);
		};
/* End PBXFileSystemSynchronizedGroupBuildPhaseMembershipExceptionSet section */

/* Begin PBXFileSystemSynchronizedRootGroup section */
		E9449D152C616C4100EE64DF /* UploadVideo */ = {isa = PBXFileSystemSynchronizedRootGroup; exceptions = (E9449D222C616C4100EE64DF /* PBXFileSystemSynchronizedBuildFileExceptionSet */, E9449D232C616C4100EE64DF /* PBXFileSystemSynchronizedGroupBuildPhaseMembershipExceptionSet */, ); explicitFileTypes = {}; explicitFolders = (); path = UploadVideo; sourceTree = "<group>"; };
		E9B371212C5D7B830013612E /* TDS Video */ = {isa = PBXFileSystemSynchronizedRootGroup; exceptions = (E9B371472C5D7B850013612E /* PBXFileSystemSynchronizedBuildFileExceptionSet */, E9B3714B2C5D7B850013612E /* PBXFileSystemSynchronizedGroupBuildPhaseMembershipExceptionSet */, ); explicitFileTypes = {}; explicitFolders = (); path = "TDS Video"; sourceTree = "<group>"; };
		E9B371382C5D7B850013612E /* TDS VideoApiTests */ = {isa = PBXFileSystemSynchronizedRootGroup; explicitFileTypes = {}; explicitFolders = (); path = "TDS VideoApiTests"; sourceTree = "<group>"; };
		E9B371422C5D7B850013612E /* TDS VideoApiUITests */ = {isa = PBXFileSystemSynchronizedRootGroup; explicitFileTypes = {}; explicitFolders = (); path = "TDS VideoApiUITests"; sourceTree = "<group>"; };
		E9B371A92C5D86080013612E /* Carplayintent */ = {isa = PBXFileSystemSynchronizedRootGroup; exceptions = (E9B371C92C5D86080013612E /* PBXFileSystemSynchronizedBuildFileExceptionSet */, ); explicitFileTypes = {}; explicitFolders = (); path = Carplayintent; sourceTree = "<group>"; };
		E9B371B42C5D86080013612E /* CarplayintentUI */ = {isa = PBXFileSystemSynchronizedRootGroup; exceptions = (E9B371C42C5D86080013612E /* PBXFileSystemSynchronizedBuildFileExceptionSet */, E9B371C52C5D86080013612E /* PBXFileSystemSynchronizedGroupBuildPhaseMembershipExceptionSet */, ); explicitFileTypes = {}; explicitFolders = (); path = CarplayintentUI; sourceTree = "<group>"; };
/* End PBXFileSystemSynchronizedRootGroup section */

/* Begin PBXFrameworksBuildPhase section */
		E9449D112C616C4100EE64DF /* Frameworks */ = {
			isa = PBXFrameworksBuildPhase;
			buildActionMask = 2147483647;
			files = (
			);
			runOnlyForDeploymentPostprocessing = 0;
		};
		E9B3711C2C5D7B830013612E /* Frameworks */ = {
			isa = PBXFrameworksBuildPhase;
			buildActionMask = 2147483647;
			files = (
			);
			runOnlyForDeploymentPostprocessing = 0;
		};
		E9B371322C5D7B850013612E /* Frameworks */ = {
			isa = PBXFrameworksBuildPhase;
			buildActionMask = 2147483647;
			files = (
			);
			runOnlyForDeploymentPostprocessing = 0;
		};
		E9B3713C2C5D7B850013612E /* Frameworks */ = {
			isa = PBXFrameworksBuildPhase;
			buildActionMask = 2147483647;
			files = (
			);
			runOnlyForDeploymentPostprocessing = 0;
		};
		E9B371A22C5D86080013612E /* Frameworks */ = {
			isa = PBXFrameworksBuildPhase;
			buildActionMask = 2147483647;
			files = (
				E9B371A82C5D86080013612E /* Intents.framework in Frameworks */,
			);
			runOnlyForDeploymentPostprocessing = 0;
		};
		E9B371AE2C5D86080013612E /* Frameworks */ = {
			isa = PBXFrameworksBuildPhase;
			buildActionMask = 2147483647;
			files = (
				E9B371B32C5D86080013612E /* IntentsUI.framework in Frameworks */,
			);
			runOnlyForDeploymentPostprocessing = 0;
		};
/* End PBXFrameworksBuildPhase section */

/* Begin PBXGroup section */
		E9B371162C5D7B830013612E = {
			isa = PBXGroup;
			children = (
				E9449D242C616DAF00EE64DF /* CarplayWKWebView.swift */,
				E9B3719F2C5D85D60013612E /* CarPlaySceneDelegate.swift */,
				E9B5432A2C60EEE700BCD407 /* CustomVideoPlayerViewController.swift */,
				E9B3716B2C5D7B950013612E /* Auth_info_import */,
				E9B371212C5D7B830013612E /* TDS Video */,
				E9B371382C5D7B850013612E /* TDS VideoApiTests */,
				E9B371422C5D7B850013612E /* TDS VideoApiUITests */,
				E9B371A92C5D86080013612E /* Carplayintent */,
				E9B371B42C5D86080013612E /* CarplayintentUI */,
				E9449D152C616C4100EE64DF /* UploadVideo */,
				E9B371A62C5D86080013612E /* Frameworks */,
				E9B371202C5D7B830013612E /* Products */,
			);
			sourceTree = "<group>";
		};
		E9B371202C5D7B830013612E /* Products */ = {
			isa = PBXGroup;
			children = (
				E9B3711F2C5D7B830013612E /* TDS Video.app */,
				E9B371352C5D7B850013612E /* TDS VideoTests.xctest */,
				E9B3713F2C5D7B850013612E /* TDS VideoUITests.xctest */,
				E9B371A52C5D86080013612E /* Carplayintent.appex */,
				E9B371B12C5D86080013612E /* CarplayintentUI.appex */,
				E9449D142C616C4100EE64DF /* UploadVideo.appex */,
			);
			name = Products;
			sourceTree = "<group>";
		};
		E9B371592C5D7B950013612E /* Authtypes */ = {
			isa = PBXGroup;
			children = (
				E9B371542C5D7B950013612E /* CreateBackgroundAccount.swift */,
				E9B371552C5D7B950013612E /* FaceID login.swift */,
				E9B371562C5D7B950013612E /* SignInWithApple.swift */,
				E9B371572C5D7B950013612E /* Username&password.swift */,
				E9B371582C5D7B950013612E /* WebauthN.swift */,
			);
			path = Authtypes;
			sourceTree = "<group>";
		};
		E9B3715F2C5D7B950013612E /* UserInfo */ = {
			isa = PBXGroup;
			children = (
				E9B3715A2C5D7B950013612E /* AuthUserInfo.swift */,
				E9B3715B2C5D7B950013612E /* AuthUserInfoProfilePicture.swift */,
				E9B3715C2C5D7B950013612E /* AuthUserinfoViewMain.swift */,
				E9B3715D2C5D7B950013612E /* cashedAsyncImage.swift */,
				E9B3715E2C5D7B950013612E /* UserImageView.swift */,
			);
			path = UserInfo;
			sourceTree = "<group>";
		};
		E9B3716B2C5D7B950013612E /* Auth_info_import */ = {
			isa = PBXGroup;
			children = (
				E9B371592C5D7B950013612E /* Authtypes */,
				E9B3715F2C5D7B950013612E /* UserInfo */,
				E9B371602C5D7B950013612E /* APNS.swift */,
				E9B371612C5D7B950013612E /* Auth.swift */,
				E9B371642C5D7B950013612E /* auth support.swift */,
				E9B371652C5D7B950013612E /* Auth_token_save.swift */,
				E9B371662C5D7B950013612E /* AuthSignUp.swift */,
				E9B371672C5D7B950013612E /* IncomingRefrence.swift */,
				E9B371682C5D7B950013612E /* LoginViewSwiftUI.swift */,
				E9B371692C5D7B950013612E /* NetworkRequests.swift */,
				E9B3716A2C5D7B950013612E /* WebAuthNold.swift */,
			);
			name = Auth_info_import;
			path = ../TDS_Auth_flow/Auth_info_import;
			sourceTree = "<group>";
		};
		E9B371A62C5D86080013612E /* Frameworks */ = {
			isa = PBXGroup;
			children = (
				E9B371A72C5D86080013612E /* Intents.framework */,
				E9B371B22C5D86080013612E /* IntentsUI.framework */,
			);
			name = Frameworks;
			sourceTree = "<group>";
		};
/* End PBXGroup section */

/* Begin PBXNativeTarget section */
		E9449D132C616C4100EE64DF /* UploadVideo */ = {
			isa = PBXNativeTarget;
			buildConfigurationList = E9449D1F2C616C4100EE64DF /* Build configuration list for PBXNativeTarget "UploadVideo" */;
			buildPhases = (
				E9449D102C616C4100EE64DF /* Sources */,
				E9449D112C616C4100EE64DF /* Frameworks */,
				E9449D122C616C4100EE64DF /* Resources */,
			);
			buildRules = (
			);
			dependencies = (
			);
			fileSystemSynchronizedGroups = (
				E9449D152C616C4100EE64DF /* UploadVideo */,
			);
			name = UploadVideo;
			packageProductDependencies = (
			);
			productName = UploadVideo;
			productReference = E9449D142C616C4100EE64DF /* UploadVideo.appex */;
			productType = "com.apple.product-type.app-extension";
		};
		E9B3711E2C5D7B830013612E /* TDS Video */ = {
			isa = PBXNativeTarget;
			buildConfigurationList = E9B371482C5D7B850013612E /* Build configuration list for PBXNativeTarget "TDS Video" */;
			buildPhases = (
				E9B3711B2C5D7B830013612E /* Sources */,
				E9B3711C2C5D7B830013612E /* Frameworks */,
				E9B3711D2C5D7B830013612E /* Resources */,
				E9B371CA2C5D86080013612E /* Embed Foundation Extensions */,
			);
			buildRules = (
			);
			dependencies = (
				E9B371BC2C5D86080013612E /* PBXTargetDependency */,
				E9B371BF2C5D86080013612E /* PBXTargetDependency */,
				E9449D1D2C616C4100EE64DF /* PBXTargetDependency */,
			);
			fileSystemSynchronizedGroups = (
				E9B371212C5D7B830013612E /* TDS Video */,
			);
			name = "TDS Video";
			packageProductDependencies = (
			);
			productName = "TDS McdonaldsApi";
			productReference = E9B3711F2C5D7B830013612E /* TDS Video.app */;
			productType = "com.apple.product-type.application";
		};
		E9B371342C5D7B850013612E /* TDS VideoTests */ = {
			isa = PBXNativeTarget;
			buildConfigurationList = E9B3714E2C5D7B850013612E /* Build configuration list for PBXNativeTarget "TDS VideoTests" */;
			buildPhases = (
				E9B371312C5D7B850013612E /* Sources */,
				E9B371322C5D7B850013612E /* Frameworks */,
				E9B371332C5D7B850013612E /* Resources */,
			);
			buildRules = (
			);
			dependencies = (
				E9B371372C5D7B850013612E /* PBXTargetDependency */,
			);
			fileSystemSynchronizedGroups = (
				E9B371382C5D7B850013612E /* TDS VideoApiTests */,
			);
			name = "TDS VideoTests";
			packageProductDependencies = (
			);
			productName = "TDS McdonaldsApiTests";
			productReference = E9B371352C5D7B850013612E /* TDS VideoTests.xctest */;
			productType = "com.apple.product-type.bundle.unit-test";
		};
		E9B3713E2C5D7B850013612E /* TDS VideoUITests */ = {
			isa = PBXNativeTarget;
			buildConfigurationList = E9B371512C5D7B850013612E /* Build configuration list for PBXNativeTarget "TDS VideoUITests" */;
			buildPhases = (
				E9B3713B2C5D7B850013612E /* Sources */,
				E9B3713C2C5D7B850013612E /* Frameworks */,
				E9B3713D2C5D7B850013612E /* Resources */,
			);
			buildRules = (
			);
			dependencies = (
				E9B371412C5D7B850013612E /* PBXTargetDependency */,
			);
			fileSystemSynchronizedGroups = (
				E9B371422C5D7B850013612E /* TDS VideoApiUITests */,
			);
			name = "TDS VideoUITests";
			packageProductDependencies = (
			);
			productName = "TDS McdonaldsApiUITests";
			productReference = E9B3713F2C5D7B850013612E /* TDS VideoUITests.xctest */;
			productType = "com.apple.product-type.bundle.ui-testing";
		};
		E9B371A42C5D86080013612E /* Carplayintent */ = {
			isa = PBXNativeTarget;
			buildConfigurationList = E9B371C62C5D86080013612E /* Build configuration list for PBXNativeTarget "Carplayintent" */;
			buildPhases = (
				E9B371A12C5D86080013612E /* Sources */,
				E9B371A22C5D86080013612E /* Frameworks */,
				E9B371A32C5D86080013612E /* Resources */,
			);
			buildRules = (
			);
			dependencies = (
			);
			fileSystemSynchronizedGroups = (
				E9B371A92C5D86080013612E /* Carplayintent */,
			);
			name = Carplayintent;
			packageProductDependencies = (
			);
			productName = Carplayintent;
			productReference = E9B371A52C5D86080013612E /* Carplayintent.appex */;
			productType = "com.apple.product-type.app-extension";
		};
		E9B371B02C5D86080013612E /* CarplayintentUI */ = {
			isa = PBXNativeTarget;
			buildConfigurationList = E9B371C12C5D86080013612E /* Build configuration list for PBXNativeTarget "CarplayintentUI" */;
			buildPhases = (
				E9B371AD2C5D86080013612E /* Sources */,
				E9B371AE2C5D86080013612E /* Frameworks */,
				E9B371AF2C5D86080013612E /* Resources */,
			);
			buildRules = (
			);
			dependencies = (
			);
			fileSystemSynchronizedGroups = (
				E9B371B42C5D86080013612E /* CarplayintentUI */,
			);
			name = CarplayintentUI;
			packageProductDependencies = (
			);
			productName = CarplayintentUI;
			productReference = E9B371B12C5D86080013612E /* CarplayintentUI.appex */;
			productType = "com.apple.product-type.app-extension";
		};
/* End PBXNativeTarget section */

/* Begin PBXProject section */
		E9B371172C5D7B830013612E /* Project object */ = {
			isa = PBXProject;
			attributes = {
				BuildIndependentTargetsInParallel = 1;
				LastSwiftUpdateCheck = 1600;
				LastUpgradeCheck = 1600;
				TargetAttributes = {
					E9449D132C616C4100EE64DF = {
						CreatedOnToolsVersion = 16.0;
					};
					E9B3711E2C5D7B830013612E = {
						CreatedOnToolsVersion = 16.0;
						LastSwiftMigration = 1600;
					};
					E9B371342C5D7B850013612E = {
						CreatedOnToolsVersion = 16.0;
						TestTargetID = E9B3711E2C5D7B830013612E;
					};
					E9B3713E2C5D7B850013612E = {
						CreatedOnToolsVersion = 16.0;
						TestTargetID = E9B3711E2C5D7B830013612E;
					};
					E9B371A42C5D86080013612E = {
						CreatedOnToolsVersion = 16.0;
					};
					E9B371B02C5D86080013612E = {
						CreatedOnToolsVersion = 16.0;
					};
				};
			};
			buildConfigurationList = E9B3711A2C5D7B830013612E /* Build configuration list for PBXProject "TDS Video" */;
			developmentRegion = en;
			hasScannedForEncodings = 0;
			knownRegions = (
				en,
				Base,
			);
			mainGroup = E9B371162C5D7B830013612E;
			preferredProjectObjectVersion = 60;
			productRefGroup = E9B371202C5D7B830013612E /* Products */;
			projectDirPath = "";
			projectRoot = "";
			targets = (
				E9B3711E2C5D7B830013612E /* TDS Video */,
				E9B371342C5D7B850013612E /* TDS VideoTests */,
				E9B3713E2C5D7B850013612E /* TDS VideoUITests */,
				E9B371A42C5D86080013612E /* Carplayintent */,
				E9B371B02C5D86080013612E /* CarplayintentUI */,
				E9449D132C616C4100EE64DF /* UploadVideo */,
			);
		};
/* End PBXProject section */

/* Begin PBXResourcesBuildPhase section */
		E9449D122C616C4100EE64DF /* Resources */ = {
			isa = PBXResourcesBuildPhase;
			buildActionMask = 2147483647;
			files = (
			);
			runOnlyForDeploymentPostprocessing = 0;
		};
		E9B3711D2C5D7B830013612E /* Resources */ = {
			isa = PBXResourcesBuildPhase;
			buildActionMask = 2147483647;
			files = (
			);
			runOnlyForDeploymentPostprocessing = 0;
		};
		E9B371332C5D7B850013612E /* Resources */ = {
			isa = PBXResourcesBuildPhase;
			buildActionMask = 2147483647;
			files = (
			);
			runOnlyForDeploymentPostprocessing = 0;
		};
		E9B3713D2C5D7B850013612E /* Resources */ = {
			isa = PBXResourcesBuildPhase;
			buildActionMask = 2147483647;
			files = (
			);
			runOnlyForDeploymentPostprocessing = 0;
		};
		E9B371A32C5D86080013612E /* Resources */ = {
			isa = PBXResourcesBuildPhase;
			buildActionMask = 2147483647;
			files = (
			);
			runOnlyForDeploymentPostprocessing = 0;
		};
		E9B371AF2C5D86080013612E /* Resources */ = {
			isa = PBXResourcesBuildPhase;
			buildActionMask = 2147483647;
			files = (
			);
			runOnlyForDeploymentPostprocessing = 0;
		};
/* End PBXResourcesBuildPhase section */

/* Begin PBXSourcesBuildPhase section */
		E9449D102C616C4100EE64DF /* Sources */ = {
			isa = PBXSourcesBuildPhase;
			buildActionMask = 2147483647;
			files = (
			);
			runOnlyForDeploymentPostprocessing = 0;
		};
		E9B3711B2C5D7B830013612E /* Sources */ = {
			isa = PBXSourcesBuildPhase;
			buildActionMask = 2147483647;
			files = (
				E9B3716C2C5D7B950013612E /* WebAuthNold.swift in Sources */,
				E9B3716D2C5D7B950013612E /* IncomingRefrence.swift in Sources */,
				E9B3716E2C5D7B950013612E /* NetworkRequests.swift in Sources */,
				E9B3716F2C5D7B950013612E /* AuthUserInfo.swift in Sources */,
				E9B371702C5D7B950013612E /* AuthSignUp.swift in Sources */,
				E9B371A02C5D85D60013612E /* CarPlaySceneDelegate.swift in Sources */,
				E9B371722C5D7B950013612E /* cashedAsyncImage.swift in Sources */,
				E9B5432B2C60EEE700BCD407 /* CustomVideoPlayerViewController.swift in Sources */,
				E9B371732C5D7B950013612E /* FaceID login.swift in Sources */,
				E9B371742C5D7B950013612E /* CreateBackgroundAccount.swift in Sources */,
				E9B371752C5D7B950013612E /* SignInWithApple.swift in Sources */,
				E9B371762C5D7B950013612E /* AuthUserinfoViewMain.swift in Sources */,
				E9B371772C5D7B950013612E /* LoginViewSwiftUI.swift in Sources */,
				E9B371782C5D7B950013612E /* Username&password.swift in Sources */,
				E9B371792C5D7B950013612E /* UserImageView.swift in Sources */,
				E9B3717A2C5D7B950013612E /* WebauthN.swift in Sources */,
				E9B3717B2C5D7B950013612E /* APNS.swift in Sources */,
				E9B3717C2C5D7B950013612E /* Auth.swift in Sources */,
				E9449D252C616DAF00EE64DF /* CarplayWKWebView.swift in Sources */,
				E9B3717D2C5D7B950013612E /* auth support.swift in Sources */,
				E9B3717E2C5D7B950013612E /* AuthUserInfoProfilePicture.swift in Sources */,
				E9B3717F2C5D7B950013612E /* Auth_token_save.swift in Sources */,
			);
			runOnlyForDeploymentPostprocessing = 0;
		};
		E9B371312C5D7B850013612E /* Sources */ = {
			isa = PBXSourcesBuildPhase;
			buildActionMask = 2147483647;
			files = (
			);
			runOnlyForDeploymentPostprocessing = 0;
		};
		E9B3713B2C5D7B850013612E /* Sources */ = {
			isa = PBXSourcesBuildPhase;
			buildActionMask = 2147483647;
			files = (
			);
			runOnlyForDeploymentPostprocessing = 0;
		};
		E9B371A12C5D86080013612E /* Sources */ = {
			isa = PBXSourcesBuildPhase;
			buildActionMask = 2147483647;
			files = (
			);
			runOnlyForDeploymentPostprocessing = 0;
		};
		E9B371AD2C5D86080013612E /* Sources */ = {
			isa = PBXSourcesBuildPhase;
			buildActionMask = 2147483647;
			files = (
			);
			runOnlyForDeploymentPostprocessing = 0;
		};
/* End PBXSourcesBuildPhase section */

/* Begin PBXTargetDependency section */
		E9449D1D2C616C4100EE64DF /* PBXTargetDependency */ = {
			isa = PBXTargetDependency;
			target = E9449D132C616C4100EE64DF /* UploadVideo */;
			targetProxy = E9449D1C2C616C4100EE64DF /* PBXContainerItemProxy */;
		};
		E9B371372C5D7B850013612E /* PBXTargetDependency */ = {
			isa = PBXTargetDependency;
			target = E9B3711E2C5D7B830013612E /* TDS Video */;
			targetProxy = E9B371362C5D7B850013612E /* PBXContainerItemProxy */;
		};
		E9B371412C5D7B850013612E /* PBXTargetDependency */ = {
			isa = PBXTargetDependency;
			target = E9B3711E2C5D7B830013612E /* TDS Video */;
			targetProxy = E9B371402C5D7B850013612E /* PBXContainerItemProxy */;
		};
		E9B371BC2C5D86080013612E /* PBXTargetDependency */ = {
			isa = PBXTargetDependency;
			target = E9B371B02C5D86080013612E /* CarplayintentUI */;
			targetProxy = E9B371BB2C5D86080013612E /* PBXContainerItemProxy */;
		};
		E9B371BF2C5D86080013612E /* PBXTargetDependency */ = {
			isa = PBXTargetDependency;
			target = E9B371A42C5D86080013612E /* Carplayintent */;
			targetProxy = E9B371BE2C5D86080013612E /* PBXContainerItemProxy */;
		};
/* End PBXTargetDependency section */

/* Begin XCBuildConfiguration section */
		E9449D202C616C4100EE64DF /* Debug */ = {
			isa = XCBuildConfiguration;
			buildSettings = {
				CODE_SIGN_ENTITLEMENTS = UploadVideo/UploadVideo.entitlements;
				CODE_SIGN_IDENTITY = "Apple Development";
				CODE_SIGN_STYLE = Automatic;
				CURRENT_PROJECT_VERSION = 1;
				DEVELOPMENT_TEAM = K3S7UENN8E;
				GENERATE_INFOPLIST_FILE = YES;
				INFOPLIST_FILE = UploadVideo/Info.plist;
				INFOPLIST_KEY_CFBundleDisplayName = UploadVideo;
				INFOPLIST_KEY_NSHumanReadableCopyright = "";
				IPHONEOS_DEPLOYMENT_TARGET = 16.1;
				LD_RUNPATH_SEARCH_PATHS = (
					"$(inherited)",
					"@executable_path/Frameworks",
					"@executable_path/../../Frameworks",
				);
				MARKETING_VERSION = 1.0;
				PRODUCT_BUNDLE_IDENTIFIER = "net.thomasdye.TDS-Video.UploadVideo";
				PRODUCT_NAME = "$(TARGET_NAME)";
				SKIP_INSTALL = YES;
				SWIFT_EMIT_LOC_STRINGS = YES;
				SWIFT_VERSION = 5.0;
				TARGETED_DEVICE_FAMILY = "1,2";
			};
			name = Debug;
		};
		E9449D212C616C4100EE64DF /* Release */ = {
			isa = XCBuildConfiguration;
			buildSettings = {
				CODE_SIGN_ENTITLEMENTS = UploadVideo/UploadVideo.entitlements;
				CODE_SIGN_IDENTITY = "Apple Development";
				CODE_SIGN_STYLE = Automatic;
				CURRENT_PROJECT_VERSION = 1;
				DEVELOPMENT_TEAM = K3S7UENN8E;
				GENERATE_INFOPLIST_FILE = YES;
				INFOPLIST_FILE = UploadVideo/Info.plist;
				INFOPLIST_KEY_CFBundleDisplayName = UploadVideo;
				INFOPLIST_KEY_NSHumanReadableCopyright = "";
				IPHONEOS_DEPLOYMENT_TARGET = 16.1;
				LD_RUNPATH_SEARCH_PATHS = (
					"$(inherited)",
					"@executable_path/Frameworks",
					"@executable_path/../../Frameworks",
				);
				MARKETING_VERSION = 1.0;
				PRODUCT_BUNDLE_IDENTIFIER = "net.thomasdye.TDS-Video.UploadVideo";
				PRODUCT_NAME = "$(TARGET_NAME)";
				SKIP_INSTALL = YES;
				SWIFT_EMIT_LOC_STRINGS = YES;
				SWIFT_VERSION = 5.0;
				TARGETED_DEVICE_FAMILY = "1,2";
			};
			name = Release;
		};
		E9B371492C5D7B850013612E /* Debug */ = {
			isa = XCBuildConfiguration;
			buildSettings = {
				ASSETCATALOG_COMPILER_APPICON_NAME = AppIcon;
				ASSETCATALOG_COMPILER_GLOBAL_ACCENT_COLOR_NAME = AccentColor;
				CLANG_ENABLE_MODULES = YES;
				CODE_SIGN_ENTITLEMENTS = "TDS Video/TDS Video.entitlements";
				CODE_SIGN_IDENTITY = "Apple Development";
				CODE_SIGN_STYLE = Automatic;
				CURRENT_PROJECT_VERSION = 1;
				DEVELOPMENT_TEAM = K3S7UENN8E;
				GENERATE_INFOPLIST_FILE = YES;
				INFOPLIST_FILE = "TDS Video/Info.plist";
				INFOPLIST_KEY_NSFaceIDUsageDescription = t;
				INFOPLIST_KEY_UIApplicationSupportsIndirectInputEvents = YES;
				INFOPLIST_KEY_UILaunchStoryboardName = LaunchScreen;
				INFOPLIST_KEY_UIMainStoryboardFile = Main;
				INFOPLIST_KEY_UISupportedInterfaceOrientations_iPad = "UIInterfaceOrientationPortrait UIInterfaceOrientationPortraitUpsideDown UIInterfaceOrientationLandscapeLeft UIInterfaceOrientationLandscapeRight";
				INFOPLIST_KEY_UISupportedInterfaceOrientations_iPhone = "UIInterfaceOrientationPortrait UIInterfaceOrientationLandscapeLeft UIInterfaceOrientationLandscapeRight";
				IPHONEOS_DEPLOYMENT_TARGET = 16.5;
				LD_RUNPATH_SEARCH_PATHS = (
					"$(inherited)",
					"@executable_path/Frameworks",
				);
				MARKETING_VERSION = 1.0;
				PRODUCT_BUNDLE_IDENTIFIER = "net.thomasdye.TDS-Video";
				PRODUCT_NAME = "$(TARGET_NAME)";
				PROVISIONING_PROFILE_SPECIFIER = "";
				SWIFT_EMIT_LOC_STRINGS = YES;
				SWIFT_OBJC_BRIDGING_HEADER = "TDS Video/TDS Video-Bridging-Header.h";
				SWIFT_OPTIMIZATION_LEVEL = "-Onone";
				SWIFT_VERSION = 5.0;
				TARGETED_DEVICE_FAMILY = "1,2";
			};
			name = Debug;
		};
		E9B3714A2C5D7B850013612E /* Release */ = {
			isa = XCBuildConfiguration;
			buildSettings = {
				ASSETCATALOG_COMPILER_APPICON_NAME = AppIcon;
				ASSETCATALOG_COMPILER_GLOBAL_ACCENT_COLOR_NAME = AccentColor;
				CLANG_ENABLE_MODULES = YES;
				CODE_SIGN_ENTITLEMENTS = "TDS Video/TDS Video.entitlements";
				CODE_SIGN_IDENTITY = "Apple Development";
				CODE_SIGN_STYLE = Automatic;
				CURRENT_PROJECT_VERSION = 1;
				DEVELOPMENT_TEAM = K3S7UENN8E;
				GENERATE_INFOPLIST_FILE = YES;
				INFOPLIST_FILE = "TDS Video/Info.plist";
				INFOPLIST_KEY_NSFaceIDUsageDescription = t;
				INFOPLIST_KEY_UIApplicationSupportsIndirectInputEvents = YES;
				INFOPLIST_KEY_UILaunchStoryboardName = LaunchScreen;
				INFOPLIST_KEY_UIMainStoryboardFile = Main;
				INFOPLIST_KEY_UISupportedInterfaceOrientations_iPad = "UIInterfaceOrientationPortrait UIInterfaceOrientationPortraitUpsideDown UIInterfaceOrientationLandscapeLeft UIInterfaceOrientationLandscapeRight";
				INFOPLIST_KEY_UISupportedInterfaceOrientations_iPhone = "UIInterfaceOrientationPortrait UIInterfaceOrientationLandscapeLeft UIInterfaceOrientationLandscapeRight";
				IPHONEOS_DEPLOYMENT_TARGET = 16.5;
				LD_RUNPATH_SEARCH_PATHS = (
					"$(inherited)",
					"@executable_path/Frameworks",
				);
				MARKETING_VERSION = 1.0;
				PRODUCT_BUNDLE_IDENTIFIER = "net.thomasdye.TDS-Video";
				PRODUCT_NAME = "$(TARGET_NAME)";
				PROVISIONING_PROFILE_SPECIFIER = "";
				SWIFT_EMIT_LOC_STRINGS = YES;
				SWIFT_OBJC_BRIDGING_HEADER = "TDS Video/TDS Video-Bridging-Header.h";
				SWIFT_VERSION = 5.0;
				TARGETED_DEVICE_FAMILY = "1,2";
			};
			name = Release;
		};
		E9B3714C2C5D7B850013612E /* Debug */ = {
			isa = XCBuildConfiguration;
			buildSettings = {
				ALWAYS_SEARCH_USER_PATHS = NO;
				ASSETCATALOG_COMPILER_GENERATE_SWIFT_ASSET_SYMBOL_EXTENSIONS = YES;
				CLANG_ANALYZER_NONNULL = YES;
				CLANG_ANALYZER_NUMBER_OBJECT_CONVERSION = YES_AGGRESSIVE;
				CLANG_CXX_LANGUAGE_STANDARD = "gnu++20";
				CLANG_ENABLE_MODULES = YES;
				CLANG_ENABLE_OBJC_ARC = YES;
				CLANG_ENABLE_OBJC_WEAK = YES;
				CLANG_WARN_BLOCK_CAPTURE_AUTORELEASING = YES;
				CLANG_WARN_BOOL_CONVERSION = YES;
				CLANG_WARN_COMMA = YES;
				CLANG_WARN_CONSTANT_CONVERSION = YES;
				CLANG_WARN_DEPRECATED_OBJC_IMPLEMENTATIONS = YES;
				CLANG_WARN_DIRECT_OBJC_ISA_USAGE = YES_ERROR;
				CLANG_WARN_DOCUMENTATION_COMMENTS = YES;
				CLANG_WARN_EMPTY_BODY = YES;
				CLANG_WARN_ENUM_CONVERSION = YES;
				CLANG_WARN_INFINITE_RECURSION = YES;
				CLANG_WARN_INT_CONVERSION = YES;
				CLANG_WARN_NON_LITERAL_NULL_CONVERSION = YES;
				CLANG_WARN_OBJC_IMPLICIT_RETAIN_SELF = YES;
				CLANG_WARN_OBJC_LITERAL_CONVERSION = YES;
				CLANG_WARN_OBJC_ROOT_CLASS = YES_ERROR;
				CLANG_WARN_QUOTED_INCLUDE_IN_FRAMEWORK_HEADER = YES;
				CLANG_WARN_RANGE_LOOP_ANALYSIS = YES;
				CLANG_WARN_STRICT_PROTOTYPES = YES;
				CLANG_WARN_SUSPICIOUS_MOVE = YES;
				CLANG_WARN_UNGUARDED_AVAILABILITY = YES_AGGRESSIVE;
				CLANG_WARN_UNREACHABLE_CODE = YES;
				CLANG_WARN__DUPLICATE_METHOD_MATCH = YES;
				COPY_PHASE_STRIP = NO;
				DEBUG_INFORMATION_FORMAT = dwarf;
				ENABLE_STRICT_OBJC_MSGSEND = YES;
				ENABLE_TESTABILITY = YES;
				ENABLE_USER_SCRIPT_SANDBOXING = YES;
				GCC_C_LANGUAGE_STANDARD = gnu17;
				GCC_DYNAMIC_NO_PIC = NO;
				GCC_NO_COMMON_BLOCKS = YES;
				GCC_OPTIMIZATION_LEVEL = 0;
				GCC_PREPROCESSOR_DEFINITIONS = (
					"DEBUG=1",
					"$(inherited)",
				);
				GCC_WARN_64_TO_32_BIT_CONVERSION = YES;
				GCC_WARN_ABOUT_RETURN_TYPE = YES_ERROR;
				GCC_WARN_UNDECLARED_SELECTOR = YES;
				GCC_WARN_UNINITIALIZED_AUTOS = YES_AGGRESSIVE;
				GCC_WARN_UNUSED_FUNCTION = YES;
				GCC_WARN_UNUSED_VARIABLE = YES;
				IPHONEOS_DEPLOYMENT_TARGET = 18.0;
				LD_QUOTE_LINKER_ARGUMENTS_FOR_COMPILER_DRIVER = NO;
				LOCALIZATION_PREFERS_STRING_CATALOGS = YES;
				MTL_ENABLE_DEBUG_INFO = INCLUDE_SOURCE;
				MTL_FAST_MATH = YES;
				ONLY_ACTIVE_ARCH = YES;
				OTHER_LDFLAGS = "";
				SDKROOT = iphoneos;
				SWIFT_ACTIVE_COMPILATION_CONDITIONS = "DEBUG $(inherited)";
				SWIFT_OPTIMIZATION_LEVEL = "-Onone";
			};
			name = Debug;
		};
		E9B3714D2C5D7B850013612E /* Release */ = {
			isa = XCBuildConfiguration;
			buildSettings = {
				ALWAYS_SEARCH_USER_PATHS = NO;
				ASSETCATALOG_COMPILER_GENERATE_SWIFT_ASSET_SYMBOL_EXTENSIONS = YES;
				CLANG_ANALYZER_NONNULL = YES;
				CLANG_ANALYZER_NUMBER_OBJECT_CONVERSION = YES_AGGRESSIVE;
				CLANG_CXX_LANGUAGE_STANDARD = "gnu++20";
				CLANG_ENABLE_MODULES = YES;
				CLANG_ENABLE_OBJC_ARC = YES;
				CLANG_ENABLE_OBJC_WEAK = YES;
				CLANG_WARN_BLOCK_CAPTURE_AUTORELEASING = YES;
				CLANG_WARN_BOOL_CONVERSION = YES;
				CLANG_WARN_COMMA = YES;
				CLANG_WARN_CONSTANT_CONVERSION = YES;
				CLANG_WARN_DEPRECATED_OBJC_IMPLEMENTATIONS = YES;
				CLANG_WARN_DIRECT_OBJC_ISA_USAGE = YES_ERROR;
				CLANG_WARN_DOCUMENTATION_COMMENTS = YES;
				CLANG_WARN_EMPTY_BODY = YES;
				CLANG_WARN_ENUM_CONVERSION = YES;
				CLANG_WARN_INFINITE_RECURSION = YES;
				CLANG_WARN_INT_CONVERSION = YES;
				CLANG_WARN_NON_LITERAL_NULL_CONVERSION = YES;
				CLANG_WARN_OBJC_IMPLICIT_RETAIN_SELF = YES;
				CLANG_WARN_OBJC_LITERAL_CONVERSION = YES;
				CLANG_WARN_OBJC_ROOT_CLASS = YES_ERROR;
				CLANG_WARN_QUOTED_INCLUDE_IN_FRAMEWORK_HEADER = YES;
				CLANG_WARN_RANGE_LOOP_ANALYSIS = YES;
				CLANG_WARN_STRICT_PROTOTYPES = YES;
				CLANG_WARN_SUSPICIOUS_MOVE = YES;
				CLANG_WARN_UNGUARDED_AVAILABILITY = YES_AGGRESSIVE;
				CLANG_WARN_UNREACHABLE_CODE = YES;
				CLANG_WARN__DUPLICATE_METHOD_MATCH = YES;
				COPY_PHASE_STRIP = NO;
				DEBUG_INFORMATION_FORMAT = "dwarf-with-dsym";
				ENABLE_NS_ASSERTIONS = NO;
				ENABLE_STRICT_OBJC_MSGSEND = YES;
				ENABLE_USER_SCRIPT_SANDBOXING = YES;
				GCC_C_LANGUAGE_STANDARD = gnu17;
				GCC_NO_COMMON_BLOCKS = YES;
				GCC_WARN_64_TO_32_BIT_CONVERSION = YES;
				GCC_WARN_ABOUT_RETURN_TYPE = YES_ERROR;
				GCC_WARN_UNDECLARED_SELECTOR = YES;
				GCC_WARN_UNINITIALIZED_AUTOS = YES_AGGRESSIVE;
				GCC_WARN_UNUSED_FUNCTION = YES;
				GCC_WARN_UNUSED_VARIABLE = YES;
				IPHONEOS_DEPLOYMENT_TARGET = 18.0;
				LD_QUOTE_LINKER_ARGUMENTS_FOR_COMPILER_DRIVER = NO;
				LOCALIZATION_PREFERS_STRING_CATALOGS = YES;
				MTL_ENABLE_DEBUG_INFO = NO;
				MTL_FAST_MATH = YES;
				OTHER_LDFLAGS = "";
				SDKROOT = iphoneos;
				SWIFT_COMPILATION_MODE = wholemodule;
				VALIDATE_PRODUCT = YES;
			};
			name = Release;
		};
		E9B3714F2C5D7B850013612E /* Debug */ = {
			isa = XCBuildConfiguration;
			buildSettings = {
				BUNDLE_LOADER = "$(TEST_HOST)";
				CODE_SIGN_STYLE = Automatic;
				CURRENT_PROJECT_VERSION = 1;
				DEVELOPMENT_TEAM = K3S7UENN8E;
				GENERATE_INFOPLIST_FILE = YES;
				IPHONEOS_DEPLOYMENT_TARGET = 18.0;
				MARKETING_VERSION = 1.0;
				PRODUCT_BUNDLE_IDENTIFIER = "net.thomasdye.TDS-McdonaldsApiTests";
				PRODUCT_NAME = "$(TARGET_NAME)";
				SWIFT_EMIT_LOC_STRINGS = NO;
				SWIFT_VERSION = 5.0;
				TARGETED_DEVICE_FAMILY = "1,2";
				TEST_HOST = "$(BUILT_PRODUCTS_DIR)/TDS Video.app/$(BUNDLE_EXECUTABLE_FOLDER_PATH)/TDS Video";
			};
			name = Debug;
		};
		E9B371502C5D7B850013612E /* Release */ = {
			isa = XCBuildConfiguration;
			buildSettings = {
				BUNDLE_LOADER = "$(TEST_HOST)";
				CODE_SIGN_STYLE = Automatic;
				CURRENT_PROJECT_VERSION = 1;
				DEVELOPMENT_TEAM = K3S7UENN8E;
				GENERATE_INFOPLIST_FILE = YES;
				IPHONEOS_DEPLOYMENT_TARGET = 18.0;
				MARKETING_VERSION = 1.0;
				PRODUCT_BUNDLE_IDENTIFIER = "net.thomasdye.TDS-McdonaldsApiTests";
				PRODUCT_NAME = "$(TARGET_NAME)";
				SWIFT_EMIT_LOC_STRINGS = NO;
				SWIFT_VERSION = 5.0;
				TARGETED_DEVICE_FAMILY = "1,2";
				TEST_HOST = "$(BUILT_PRODUCTS_DIR)/TDS Video.app/$(BUNDLE_EXECUTABLE_FOLDER_PATH)/TDS Video";
			};
			name = Release;
		};
		E9B371522C5D7B850013612E /* Debug */ = {
			isa = XCBuildConfiguration;
			buildSettings = {
				CODE_SIGN_STYLE = Automatic;
				CURRENT_PROJECT_VERSION = 1;
				DEVELOPMENT_TEAM = K3S7UENN8E;
				GENERATE_INFOPLIST_FILE = YES;
				MARKETING_VERSION = 1.0;
				PRODUCT_BUNDLE_IDENTIFIER = "net.thomasdye.TDS-McdonaldsApiUITests";
				PRODUCT_NAME = "$(TARGET_NAME)";
				SWIFT_EMIT_LOC_STRINGS = NO;
				SWIFT_VERSION = 5.0;
				TARGETED_DEVICE_FAMILY = "1,2";
				TEST_TARGET_NAME = "TDS McdonaldsApi";
			};
			name = Debug;
		};
		E9B371532C5D7B850013612E /* Release */ = {
			isa = XCBuildConfiguration;
			buildSettings = {
				CODE_SIGN_STYLE = Automatic;
				CURRENT_PROJECT_VERSION = 1;
				DEVELOPMENT_TEAM = K3S7UENN8E;
				GENERATE_INFOPLIST_FILE = YES;
				MARKETING_VERSION = 1.0;
				PRODUCT_BUNDLE_IDENTIFIER = "net.thomasdye.TDS-McdonaldsApiUITests";
				PRODUCT_NAME = "$(TARGET_NAME)";
				SWIFT_EMIT_LOC_STRINGS = NO;
				SWIFT_VERSION = 5.0;
				TARGETED_DEVICE_FAMILY = "1,2";
				TEST_TARGET_NAME = "TDS McdonaldsApi";
			};
			name = Release;
		};
		E9B371C22C5D86080013612E /* Debug */ = {
			isa = XCBuildConfiguration;
			buildSettings = {
				CODE_SIGN_ENTITLEMENTS = CarplayintentUI/CarplayintentUI.entitlements;
				CODE_SIGN_STYLE = Automatic;
				CURRENT_PROJECT_VERSION = 1;
				DEVELOPMENT_TEAM = K3S7UENN8E;
				GENERATE_INFOPLIST_FILE = YES;
				INFOPLIST_FILE = CarplayintentUI/Info.plist;
				INFOPLIST_KEY_CFBundleDisplayName = CarplayintentUI;
				INFOPLIST_KEY_NSHumanReadableCopyright = "";
				IPHONEOS_DEPLOYMENT_TARGET = 16.2;
				LD_RUNPATH_SEARCH_PATHS = (
					"$(inherited)",
					"@executable_path/Frameworks",
					"@executable_path/../../Frameworks",
				);
				MARKETING_VERSION = 1.0;
				PRODUCT_BUNDLE_IDENTIFIER = "net.thomasdye.TDS-Video.CarplayintentUI";
				PRODUCT_NAME = "$(TARGET_NAME)";
				SKIP_INSTALL = YES;
				SWIFT_EMIT_LOC_STRINGS = YES;
				SWIFT_VERSION = 5.0;
				TARGETED_DEVICE_FAMILY = "1,2";
			};
			name = Debug;
		};
		E9B371C32C5D86080013612E /* Release */ = {
			isa = XCBuildConfiguration;
			buildSettings = {
				CODE_SIGN_ENTITLEMENTS = CarplayintentUI/CarplayintentUI.entitlements;
				CODE_SIGN_STYLE = Automatic;
				CURRENT_PROJECT_VERSION = 1;
				DEVELOPMENT_TEAM = K3S7UENN8E;
				GENERATE_INFOPLIST_FILE = YES;
				INFOPLIST_FILE = CarplayintentUI/Info.plist;
				INFOPLIST_KEY_CFBundleDisplayName = CarplayintentUI;
				INFOPLIST_KEY_NSHumanReadableCopyright = "";
				IPHONEOS_DEPLOYMENT_TARGET = 16.2;
				LD_RUNPATH_SEARCH_PATHS = (
					"$(inherited)",
					"@executable_path/Frameworks",
					"@executable_path/../../Frameworks",
				);
				MARKETING_VERSION = 1.0;
				PRODUCT_BUNDLE_IDENTIFIER = "net.thomasdye.TDS-Video.CarplayintentUI";
				PRODUCT_NAME = "$(TARGET_NAME)";
				SKIP_INSTALL = YES;
				SWIFT_EMIT_LOC_STRINGS = YES;
				SWIFT_VERSION = 5.0;
				TARGETED_DEVICE_FAMILY = "1,2";
			};
			name = Release;
		};
		E9B371C72C5D86080013612E /* Debug */ = {
			isa = XCBuildConfiguration;
			buildSettings = {
				CODE_SIGN_STYLE = Automatic;
				CURRENT_PROJECT_VERSION = 1;
				DEVELOPMENT_TEAM = K3S7UENN8E;
				GENERATE_INFOPLIST_FILE = YES;
				INFOPLIST_FILE = Carplayintent/Info.plist;
				INFOPLIST_KEY_CFBundleDisplayName = Carplayintent;
				INFOPLIST_KEY_NSHumanReadableCopyright = "";
				IPHONEOS_DEPLOYMENT_TARGET = 16.2;
				LD_RUNPATH_SEARCH_PATHS = (
					"$(inherited)",
					"@executable_path/Frameworks",
					"@executable_path/../../Frameworks",
				);
				MARKETING_VERSION = 1.0;
				PRODUCT_BUNDLE_IDENTIFIER = "net.thomasdye.TDS-Video.Carplayintent";
				PRODUCT_NAME = "$(TARGET_NAME)";
				SKIP_INSTALL = YES;
				SWIFT_EMIT_LOC_STRINGS = YES;
				SWIFT_VERSION = 5.0;
				TARGETED_DEVICE_FAMILY = "1,2";
			};
			name = Debug;
		};
		E9B371C82C5D86080013612E /* Release */ = {
			isa = XCBuildConfiguration;
			buildSettings = {
				CODE_SIGN_STYLE = Automatic;
				CURRENT_PROJECT_VERSION = 1;
				DEVELOPMENT_TEAM = K3S7UENN8E;
				GENERATE_INFOPLIST_FILE = YES;
				INFOPLIST_FILE = Carplayintent/Info.plist;
				INFOPLIST_KEY_CFBundleDisplayName = Carplayintent;
				INFOPLIST_KEY_NSHumanReadableCopyright = "";
				IPHONEOS_DEPLOYMENT_TARGET = 16.2;
				LD_RUNPATH_SEARCH_PATHS = (
					"$(inherited)",
					"@executable_path/Frameworks",
					"@executable_path/../../Frameworks",
				);
				MARKETING_VERSION = 1.0;
				PRODUCT_BUNDLE_IDENTIFIER = "net.thomasdye.TDS-Video.Carplayintent";
				PRODUCT_NAME = "$(TARGET_NAME)";
				SKIP_INSTALL = YES;
				SWIFT_EMIT_LOC_STRINGS = YES;
				SWIFT_VERSION = 5.0;
				TARGETED_DEVICE_FAMILY = "1,2";
			};
			name = Release;
		};
/* End XCBuildConfiguration section */

/* Begin XCConfigurationList section */
		E9449D1F2C616C4100EE64DF /* Build configuration list for PBXNativeTarget "UploadVideo" */ = {
			isa = XCConfigurationList;
			buildConfigurations = (
				E9449D202C616C4100EE64DF /* Debug */,
				E9449D212C616C4100EE64DF /* Release */,
			);
			defaultConfigurationIsVisible = 0;
			defaultConfigurationName = Release;
		};
		E9B3711A2C5D7B830013612E /* Build configuration list for PBXProject "TDS Video" */ = {
			isa = XCConfigurationList;
			buildConfigurations = (
				E9B3714C2C5D7B850013612E /* Debug */,
				E9B3714D2C5D7B850013612E /* Release */,
			);
			defaultConfigurationIsVisible = 0;
			defaultConfigurationName = Release;
		};
		E9B371482C5D7B850013612E /* Build configuration list for PBXNativeTarget "TDS Video" */ = {
			isa = XCConfigurationList;
			buildConfigurations = (
				E9B371492C5D7B850013612E /* Debug */,
				E9B3714A2C5D7B850013612E /* Release */,
			);
			defaultConfigurationIsVisible = 0;
			defaultConfigurationName = Release;
		};
		E9B3714E2C5D7B850013612E /* Build configuration list for PBXNativeTarget "TDS VideoTests" */ = {
			isa = XCConfigurationList;
			buildConfigurations = (
				E9B3714F2C5D7B850013612E /* Debug */,
				E9B371502C5D7B850013612E /* Release */,
			);
			defaultConfigurationIsVisible = 0;
			defaultConfigurationName = Release;
		};
		E9B371512C5D7B850013612E /* Build configuration list for PBXNativeTarget "TDS VideoUITests" */ = {
			isa = XCConfigurationList;
			buildConfigurations = (
				E9B371522C5D7B850013612E /* Debug */,
				E9B371532C5D7B850013612E /* Release */,
			);
			defaultConfigurationIsVisible = 0;
			defaultConfigurationName = Release;
		};
		E9B371C12C5D86080013612E /* Build configuration list for PBXNativeTarget "CarplayintentUI" */ = {
			isa = XCConfigurationList;
			buildConfigurations = (
				E9B371C22C5D86080013612E /* Debug */,
				E9B371C32C5D86080013612E /* Release */,
			);
			defaultConfigurationIsVisible = 0;
			defaultConfigurationName = Release;
		};
		E9B371C62C5D86080013612E /* Build configuration list for PBXNativeTarget "Carplayintent" */ = {
			isa = XCConfigurationList;
			buildConfigurations = (
				E9B371C72C5D86080013612E /* Debug */,
				E9B371C82C5D86080013612E /* Release */,
			);
			defaultConfigurationIsVisible = 0;
			defaultConfigurationName = Release;
		};
/* End XCConfigurationList section */
	};
	rootObject = E9B371172C5D7B830013612E /* Project object */;
}
